<?xml version="1.0" encoding="utf-8"?>
<Project ToolsVersion="4.0" xmlns="http://schemas.microsoft.com/developer/msbuild/2003">
  <ItemGroup>
    <Filter Include="Source Files">
      <UniqueIdentifier>{4FC737F1-C7A5-4376-A066-2A32D752A2FF}</UniqueIdentifier>
      <Extensions>cpp;c;cc;cxx;def;odl;idl;hpj;bat;asm;asmx</Extensions>
    </Filter>
    <Filter Include="Header Files">
      <UniqueIdentifier>{93995380-89BD-4b04-88EB-625FBE52EBFB}</UniqueIdentifier>
      <Extensions>h;hpp;hxx;hm;inl;inc;xsd</Extensions>
    </Filter>
    <Filter Include="Resource Files">
      <UniqueIdentifier>{67DA6AB6-F800-4c08-8B7A-83BB121AAD01}</UniqueIdentifier>
      <Extensions>rc;ico;cur;bmp;dlg;rc2;rct;bin;rgs;gif;jpg;jpeg;jpe;resx;tiff;tif;png;wav;mfcribbon-ms</Extensions>
    </Filter>
    <Filter Include="package_analysis">
      <UniqueIdentifier>{d5937ee8-00f8-4c77-bd19-b9867cfb365e}</UniqueIdentifier>
    </Filter>
    <Filter Include="package_bgs">
      <UniqueIdentifier>{e6eef339-23c7-4540-a0bf-b8682d98d452}</UniqueIdentifier>
    </Filter>
    <Filter Include="package_bgs\dp">
      <UniqueIdentifier>{3d148dca-b295-43cf-b898-5bac66cddf55}</UniqueIdentifier>
    </Filter>
    <Filter Include="package_bgs\jmo">
      <UniqueIdentifier>{9d03a3a0-4e08-4b16-812a-39adf1f0b2e4}</UniqueIdentifier>
    </Filter>
  </ItemGroup>
  <ItemGroup>
    <Text Include="ReadMe.txt" />
  </ItemGroup>
  <ItemGroup>
    <ClInclude Include="stdafx.h">
      <Filter>Header Files</Filter>
    </ClInclude>
    <ClInclude Include="targetver.h">
      <Filter>Header Files</Filter>
    </ClInclude>
    <ClInclude Include="AppTemplate.h">
      <Filter>Header Files</Filter>
    </ClInclude>
    <ClInclude Include="Util.h">
      <Filter>Header Files</Filter>
    </ClInclude>
    <ClInclude Include="Parameter.h">
      <Filter>Header Files</Filter>
    </ClInclude>
    <ClInclude Include="Detector.h">
      <Filter>Header Files</Filter>
    </ClInclude>
    <ClInclude Include="Tracker.h">
      <Filter>Header Files</Filter>
    </ClInclude>
    <ClInclude Include="HungarianAlg.h">
      <Filter>Header Files</Filter>
    </ClInclude>
    <ClInclude Include="MultiTrackAssociation.h">
      <Filter>Header Files</Filter>
    </ClInclude>
    <ClInclude Include="DataReader.h">
      <Filter>Header Files</Filter>
    </ClInclude>
    <ClInclude Include="Matrix.h">
      <Filter>Header Files</Filter>
    </ClInclude>
    <ClInclude Include="package_analysis\ForegroundMaskAnalysis.h">
      <Filter>package_analysis</Filter>
    </ClInclude>
    <ClInclude Include="package_bgs\dp\Error.h">
      <Filter>package_bgs\dp</Filter>
    </ClInclude>
    <ClInclude Include="package_bgs\jmo\BackgroundSubtractionAPI.h">
      <Filter>package_bgs\jmo</Filter>
    </ClInclude>
    <ClInclude Include="package_bgs\jmo\BGS.h">
      <Filter>package_bgs\jmo</Filter>
    </ClInclude>
    <ClInclude Include="package_bgs\jmo\blob.h">
      <Filter>package_bgs\jmo</Filter>
    </ClInclude>
    <ClInclude Include="package_bgs\jmo\BlobExtraction.h">
      <Filter>package_bgs\jmo</Filter>
    </ClInclude>
    <ClInclude Include="package_bgs\jmo\BlobLibraryConfiguration.h">
      <Filter>package_bgs\jmo</Filter>
    </ClInclude>
    <ClInclude Include="package_bgs\jmo\BlobResult.h">
      <Filter>package_bgs\jmo</Filter>
    </ClInclude>
    <ClInclude Include="package_bgs\jmo\CMultiLayerBGS.h">
      <Filter>package_bgs\jmo</Filter>
    </ClInclude>
    <ClInclude Include="package_bgs\jmo\LocalBinaryPattern.h">
      <Filter>package_bgs\jmo</Filter>
    </ClInclude>
    <ClInclude Include="package_bgs\jmo\MultiLayerBGS.h">
      <Filter>package_bgs\jmo</Filter>
    </ClInclude>
    <ClInclude Include="package_bgs\jmo\OpenCvDataConversion.h">
      <Filter>package_bgs\jmo</Filter>
    </ClInclude>
    <ClInclude Include="package_bgs\IBGS.h">
      <Filter>package_bgs</Filter>
    </ClInclude>
    <ClInclude Include="ConnectDB.h">
      <Filter>Header Files</Filter>
    </ClInclude>
    <ClInclude Include="Enviroment.h">
      <Filter>Header Files</Filter>
    </ClInclude>
    <ClInclude Include="sqlite3.h">
      <Filter>Header Files</Filter>
    </ClInclude>
    <ClInclude Include="sqlite3ext.h">
      <Filter>Header Files</Filter>
    </ClInclude>
  </ItemGroup>
  <ItemGroup>
    <ClCompile Include="stdafx.cpp">
      <Filter>Source Files</Filter>
    </ClCompile>
    <ClCompile Include="LTT.ETS.CameraMarketing.cpp">
      <Filter>Source Files</Filter>
    </ClCompile>
    <ClCompile Include="AppTemplate.cpp">
      <Filter>Source Files</Filter>
    </ClCompile>
    <ClCompile Include="Detector.cpp">
      <Filter>Source Files</Filter>
    </ClCompile>
    <ClCompile Include="Tracker.cpp">
      <Filter>Source Files</Filter>
    </ClCompile>
    <ClCompile Include="HungarianAlg.cpp">
      <Filter>Source Files</Filter>
    </ClCompile>
    <ClCompile Include="MultiTrackAssociation.cpp">
      <Filter>Source Files</Filter>
    </ClCompile>
    <ClCompile Include="package_analysis\ForegroundMaskAnalysis.cpp">
      <Filter>package_analysis</Filter>
    </ClCompile>
    <ClCompile Include="package_bgs\dp\Error.cpp">
      <Filter>package_bgs\dp</Filter>
    </ClCompile>
    <ClCompile Include="package_bgs\jmo\blob.cpp">
      <Filter>package_bgs\jmo</Filter>
    </ClCompile>
    <ClCompile Include="package_bgs\jmo\BlobExtraction.cpp">
      <Filter>package_bgs\jmo</Filter>
    </ClCompile>
    <ClCompile Include="package_bgs\jmo\BlobResult.cpp">
      <Filter>package_bgs\jmo</Filter>
    </ClCompile>
    <ClCompile Include="package_bgs\jmo\CMultiLayerBGS.cpp">
      <Filter>package_bgs\jmo</Filter>
    </ClCompile>
    <ClCompile Include="package_bgs\jmo\LocalBinaryPattern.cpp">
      <Filter>package_bgs\jmo</Filter>
    </ClCompile>
    <ClCompile Include="package_bgs\jmo\MultiLayerBGS.cpp">
      <Filter>package_bgs\jmo</Filter>
    </ClCompile>
    <ClCompile Include="ConnectDB.cpp">
      <Filter>Source Files</Filter>
    </ClCompile>
    <ClCompile Include="Enviroment.cpp">
      <Filter>Source Files</Filter>
    </ClCompile>
    <ClCompile Include="sqlite3.c">
      <Filter>Source Files</Filter>
    </ClCompile>
  </ItemGroup>
</Project>